
Microsoft Visual Studio Solution File, Format Version 12.00
# Visual Studio 15
VisualStudioVersion = 15.0.28010.2041
MinimumVisualStudioVersion = 10.0.40219.1
Project("{FAE04EC0-301F-11D3-BF4B-00C04F79EFBC}") = "Smav", "Smav\Smav.csproj", "{C452D8F3-C6E5-488D-BDC8-4FDC82216047}"
EndProject
Global
	GlobalSection(SolutionConfigurationPlatforms) = preSolution
		Debug|Any CPU = Debug|Any CPU
		Release|Any CPU = Release|Any CPU
	EndGlobalSection
	GlobalSection(ProjectConfigurationPlatforms) = postSolution
		{C452D8F3-C6E5-488D-BDC8-4FDC82216047}.Debug|Any CPU.ActiveCfg = Debug|Any CPU
		{C452D8F3-C6E5-488D-BDC8-4FDC82216047}.Debug|Any CPU.Build.0 = Debug|Any CPU
		{C452D8F3-C6E5-488D-BDC8-4FDC82216047}.Release|Any CPU.ActiveCfg = Release|Any CPU
		{C452D8F3-C6E5-488D-BDC8-4FDC82216047}.Release|Any CPU.Build.0 = Release|Any CPU
	EndGlobalSection
	GlobalSection(SolutionProperties) = preSolution
		HideSolutionNode = FALSE
	EndGlobalSection
	GlobalSection(ExtensibilityGlobals) = postSolution
		SolutionGuid = {7E32AC6A-280D-41B8-8F09-6719D94845E6}
	EndGlobalSection
EndGlobal
